
Microsoft Visual Studio Solution File, Format Version 12.00
# Visual Studio Version 16
VisualStudioVersion = 16.0.30413.136
MinimumVisualStudioVersion = 10.0.40219.1
Project("{9A19103F-16F7-4668-BE54-9A1E7A4F7556}") = "InventoryAPI", "InventoryAPI\InventoryAPI.csproj", "{FD2310D6-B33B-40FA-8B4A-6B7D9305D804}"
EndProject
Project("{9A19103F-16F7-4668-BE54-9A1E7A4F7556}") = "InventoryLogic", "InventoryLogic\InventoryLogic.csproj", "{6D33F9CD-B8B7-471B-8231-1FF24445CB6F}"
EndProject
Project("{9A19103F-16F7-4668-BE54-9A1E7A4F7556}") = "InventoryDAL", "InventoryDAL\InventoryDAL.csproj", "{0A3E15E9-9054-453E-8E9B-598073966FB7}"
EndProject
Project("{9A19103F-16F7-4668-BE54-9A1E7A4F7556}") = "InventoryDI", "InventoryDI\InventoryDI.csproj", "{2ECBAD9A-AB90-44B7-BC23-6980CB2AC34B}"
EndProject
Project("{2150E333-8FDC-42A3-9474-1A3956D46DE8}") = "Solution Items", "Solution Items", "{5E2E2A04-D613-41B1-9B56-0918606EDC75}"
	ProjectSection(SolutionItems) = preProject
		.editorconfig = .editorconfig
		.travis.yml = .travis.yml
		IntegratieTests\test1.ps1 = IntegratieTests\test1.ps1
	EndProjectSection
EndProject
Project("{E53339B2-1760-4266-BCC7-CA923CBCF16C}") = "docker-compose", "docker-compose.dcproj", "{F7D4A4D3-D0E7-4D90-89D5-A42B2E69D3C8}"
EndProject
Project("{9A19103F-16F7-4668-BE54-9A1E7A4F7556}") = "InventoryLogicTests", "InventoryLogicTests\InventoryLogicTests.csproj", "{CA55002E-6155-48D6-89AF-992BC69DC42B}"
EndProject
Project("{9A19103F-16F7-4668-BE54-9A1E7A4F7556}") = "InventoryDALTests", "InventoryDALTests\InventoryDALTests.csproj", "{EBC80A1A-3330-41C7-B1E8-78D4085B39DA}"
EndProject
Project("{9A19103F-16F7-4668-BE54-9A1E7A4F7556}") = "RabbitMQ", "RabbitMQ\RabbitMQ.csproj", "{7A136FC3-9DAF-4386-B69C-A74FF89AF041}"
EndProject
Global
	GlobalSection(SolutionConfigurationPlatforms) = preSolution
		Debug|Any CPU = Debug|Any CPU
		Release|Any CPU = Release|Any CPU
	EndGlobalSection
	GlobalSection(ProjectConfigurationPlatforms) = postSolution
		{FD2310D6-B33B-40FA-8B4A-6B7D9305D804}.Debug|Any CPU.ActiveCfg = Debug|Any CPU
		{FD2310D6-B33B-40FA-8B4A-6B7D9305D804}.Debug|Any CPU.Build.0 = Debug|Any CPU
		{FD2310D6-B33B-40FA-8B4A-6B7D9305D804}.Release|Any CPU.ActiveCfg = Release|Any CPU
		{FD2310D6-B33B-40FA-8B4A-6B7D9305D804}.Release|Any CPU.Build.0 = Release|Any CPU
		{6D33F9CD-B8B7-471B-8231-1FF24445CB6F}.Debug|Any CPU.ActiveCfg = Debug|Any CPU
		{6D33F9CD-B8B7-471B-8231-1FF24445CB6F}.Debug|Any CPU.Build.0 = Debug|Any CPU
		{6D33F9CD-B8B7-471B-8231-1FF24445CB6F}.Release|Any CPU.ActiveCfg = Release|Any CPU
		{6D33F9CD-B8B7-471B-8231-1FF24445CB6F}.Release|Any CPU.Build.0 = Release|Any CPU
		{0A3E15E9-9054-453E-8E9B-598073966FB7}.Debug|Any CPU.ActiveCfg = Debug|Any CPU
		{0A3E15E9-9054-453E-8E9B-598073966FB7}.Debug|Any CPU.Build.0 = Debug|Any CPU
		{0A3E15E9-9054-453E-8E9B-598073966FB7}.Release|Any CPU.ActiveCfg = Release|Any CPU
		{0A3E15E9-9054-453E-8E9B-598073966FB7}.Release|Any CPU.Build.0 = Release|Any CPU
		{2ECBAD9A-AB90-44B7-BC23-6980CB2AC34B}.Debug|Any CPU.ActiveCfg = Debug|Any CPU
		{2ECBAD9A-AB90-44B7-BC23-6980CB2AC34B}.Debug|Any CPU.Build.0 = Debug|Any CPU
		{2ECBAD9A-AB90-44B7-BC23-6980CB2AC34B}.Release|Any CPU.ActiveCfg = Release|Any CPU
		{2ECBAD9A-AB90-44B7-BC23-6980CB2AC34B}.Release|Any CPU.Build.0 = Release|Any CPU
		{F7D4A4D3-D0E7-4D90-89D5-A42B2E69D3C8}.Debug|Any CPU.ActiveCfg = Debug|Any CPU
		{F7D4A4D3-D0E7-4D90-89D5-A42B2E69D3C8}.Debug|Any CPU.Build.0 = Debug|Any CPU
		{F7D4A4D3-D0E7-4D90-89D5-A42B2E69D3C8}.Release|Any CPU.ActiveCfg = Release|Any CPU
		{F7D4A4D3-D0E7-4D90-89D5-A42B2E69D3C8}.Release|Any CPU.Build.0 = Release|Any CPU
		{CA55002E-6155-48D6-89AF-992BC69DC42B}.Debug|Any CPU.ActiveCfg = Debug|Any CPU
		{CA55002E-6155-48D6-89AF-992BC69DC42B}.Debug|Any CPU.Build.0 = Debug|Any CPU
		{CA55002E-6155-48D6-89AF-992BC69DC42B}.Release|Any CPU.ActiveCfg = Release|Any CPU
		{CA55002E-6155-48D6-89AF-992BC69DC42B}.Release|Any CPU.Build.0 = Release|Any CPU
		{EBC80A1A-3330-41C7-B1E8-78D4085B39DA}.Debug|Any CPU.ActiveCfg = Debug|Any CPU
		{EBC80A1A-3330-41C7-B1E8-78D4085B39DA}.Debug|Any CPU.Build.0 = Debug|Any CPU
		{EBC80A1A-3330-41C7-B1E8-78D4085B39DA}.Release|Any CPU.ActiveCfg = Release|Any CPU
		{EBC80A1A-3330-41C7-B1E8-78D4085B39DA}.Release|Any CPU.Build.0 = Release|Any CPU
		{7A136FC3-9DAF-4386-B69C-A74FF89AF041}.Debug|Any CPU.ActiveCfg = Debug|Any CPU
		{7A136FC3-9DAF-4386-B69C-A74FF89AF041}.Debug|Any CPU.Build.0 = Debug|Any CPU
		{7A136FC3-9DAF-4386-B69C-A74FF89AF041}.Release|Any CPU.ActiveCfg = Release|Any CPU
		{7A136FC3-9DAF-4386-B69C-A74FF89AF041}.Release|Any CPU.Build.0 = Release|Any CPU
	EndGlobalSection
	GlobalSection(SolutionProperties) = preSolution
		HideSolutionNode = FALSE
	EndGlobalSection
	GlobalSection(ExtensibilityGlobals) = postSolution
		SolutionGuid = {CF2C69AF-DD34-44D2-904A-EF469E331A6E}
	EndGlobalSection
EndGlobal
